
Microsoft Visual Studio Solution File, Format Version 12.00
# Visual Studio Version 16
VisualStudioVersion = 16.0.30002.166
MinimumVisualStudioVersion = 10.0.40219.1
Project("{FAE04EC0-301F-11D3-BF4B-00C04F79EFBC}") = "GraphicalSudokuSolver", "GraphicalSudokuSolver.csproj", "{934D3E25-E626-419C-85E3-3C92F527BB5F}"
EndProject
Global
	GlobalSection(SolutionConfigurationPlatforms) = preSolution
		Debug|Any CPU = Debug|Any CPU
		Release|Any CPU = Release|Any CPU
	EndGlobalSection
	GlobalSection(ProjectConfigurationPlatforms) = postSolution
		{934D3E25-E626-419C-85E3-3C92F527BB5F}.Debug|Any CPU.ActiveCfg = Debug|Any CPU
		{934D3E25-E626-419C-85E3-3C92F527BB5F}.Debug|Any CPU.Build.0 = Debug|Any CPU
		{934D3E25-E626-419C-85E3-3C92F527BB5F}.Release|Any CPU.ActiveCfg = Release|Any CPU
		{934D3E25-E626-419C-85E3-3C92F527BB5F}.Release|Any CPU.Build.0 = Release|Any CPU
	EndGlobalSection
	GlobalSection(SolutionProperties) = preSolution
		HideSolutionNode = FALSE
	EndGlobalSection
	GlobalSection(ExtensibilityGlobals) = postSolution
		SolutionGuid = {AD86CF2B-175A-4DBC-A194-240C9D4A7D4A}
	EndGlobalSection
EndGlobal
